
Microsoft Visual Studio Solution File, Format Version 12.00
# Visual Studio Version 16
VisualStudioVersion = 16.0.30803.129
MinimumVisualStudioVersion = 10.0.40219.1
Project("{FAE04EC0-301F-11D3-BF4B-00C04F79EFBC}") = "Security", "Security.csproj", "{9BA3C21C-664A-444D-8E7C-06838AC26A3E}"
EndProject
Global
	GlobalSection(SolutionConfigurationPlatforms) = preSolution
		Debug|Any CPU = Debug|Any CPU
		Release|Any CPU = Release|Any CPU
	EndGlobalSection
	GlobalSection(ProjectConfigurationPlatforms) = postSolution
		{9BA3C21C-664A-444D-8E7C-06838AC26A3E}.Debug|Any CPU.ActiveCfg = Debug|Any CPU
		{9BA3C21C-664A-444D-8E7C-06838AC26A3E}.Debug|Any CPU.Build.0 = Debug|Any CPU
		{9BA3C21C-664A-444D-8E7C-06838AC26A3E}.Release|Any CPU.ActiveCfg = Release|Any CPU
		{9BA3C21C-664A-444D-8E7C-06838AC26A3E}.Release|Any CPU.Build.0 = Release|Any CPU
	EndGlobalSection
	GlobalSection(SolutionProperties) = preSolution
		HideSolutionNode = FALSE
	EndGlobalSection
	GlobalSection(ExtensibilityGlobals) = postSolution
		SolutionGuid = {CD2E5F2E-27A4-44BA-84EF-F55440DB5FAC}
	EndGlobalSection
EndGlobal
